
Microsoft Visual Studio Solution File, Format Version 12.00
# Visual Studio Version 17
VisualStudioVersion = 17.7.34024.191
MinimumVisualStudioVersion = 10.0.40219.1
Project("{FAE04EC0-301F-11D3-BF4B-00C04F79EFBC}") = "calculator", "calculator\calculator.csproj", "{C3064258-186F-4803-A918-C5D2EDAF814E}"
EndProject
Global
	GlobalSection(SolutionConfigurationPlatforms) = preSolution
		Debug|Any CPU = Debug|Any CPU
		Release|Any CPU = Release|Any CPU
	EndGlobalSection
	GlobalSection(ProjectConfigurationPlatforms) = postSolution
		{C3064258-186F-4803-A918-C5D2EDAF814E}.Debug|Any CPU.ActiveCfg = Debug|Any CPU
		{C3064258-186F-4803-A918-C5D2EDAF814E}.Debug|Any CPU.Build.0 = Debug|Any CPU
		{C3064258-186F-4803-A918-C5D2EDAF814E}.Release|Any CPU.ActiveCfg = Release|Any CPU
		{C3064258-186F-4803-A918-C5D2EDAF814E}.Release|Any CPU.Build.0 = Release|Any CPU
	EndGlobalSection
	GlobalSection(SolutionProperties) = preSolution
		HideSolutionNode = FALSE
	EndGlobalSection
	GlobalSection(ExtensibilityGlobals) = postSolution
		SolutionGuid = {A69C95A5-75A8-45AB-9A92-7C4A66CE0424}
	EndGlobalSection
EndGlobal
